
Microsoft Visual Studio Solution File, Format Version 12.00
# Visual Studio Version 16
VisualStudioVersion = 16.0.29009.5
MinimumVisualStudioVersion = 10.0.40219.1
Project("{2150E333-8FDC-42A3-9474-1A3956D46DE8}") = "Web", "Web", "{A6B6410D-1F41-45D1-B821-14F8897C4DAF}"
EndProject
Project("{2150E333-8FDC-42A3-9474-1A3956D46DE8}") = "Api", "Api", "{A35FD53E-772C-49FC-8E8A-29BA7F5A87AB}"
EndProject
Project("{2150E333-8FDC-42A3-9474-1A3956D46DE8}") = "Language", "Language", "{91219315-924A-4A2C-9002-73AF521B44F2}"
EndProject
Project("{2150E333-8FDC-42A3-9474-1A3956D46DE8}") = "DesignPatterns", "DesignPatterns", "{450BBF91-7BA0-4178-B00D-F68036025316}"
EndProject
Project("{9A19103F-16F7-4668-BE54-9A1E7A4F7556}") = "Books.API", "Api\AsyncAPI\Books\Books.API\Books.API.csproj", "{4283A223-F11D-4319-8A55-2BEE8CDDA4B7}"
EndProject
Project("{9A19103F-16F7-4668-BE54-9A1E7A4F7556}") = "Books.Legacy", "Api\AsyncAPI\Books\Books.Legacy\Books.Legacy.csproj", "{87579CFF-DB15-4542-980C-5DC08156BEC2}"
EndProject
Project("{9A19103F-16F7-4668-BE54-9A1E7A4F7556}") = "BookCovers.API", "Api\AsyncAPI\Books\BookCovers.API\BookCovers.API.csproj", "{7396CAED-D427-4673-9A95-DAB943ADB131}"
EndProject
Project("{9A19103F-16F7-4668-BE54-9A1E7A4F7556}") = "ContactWriter", "Language\Attributes\ContactWriter\ContactWriter.csproj", "{DF1139E4-EBFA-4B5D-86F3-D8065FF81F9C}"
EndProject
Project("{FAE04EC0-301F-11D3-BF4B-00C04F79EFBC}") = "ClassLibrary1", "Language\Attributes\ClassLibrary1\ClassLibrary1\ClassLibrary1.csproj", "{206E6568-423C-4070-83D3-E1C83F37362D}"
EndProject
Project("{9A19103F-16F7-4668-BE54-9A1E7A4F7556}") = "ContactWriter.Test", "Language\Attributes\ContactWriter.Test\ContactWriter.Test.csproj", "{62E3CBA0-3B60-42DF-B313-2004B18F12CD}"
EndProject
Project("{2150E333-8FDC-42A3-9474-1A3956D46DE8}") = "Attributes", "Attributes", "{1793BE8F-7264-41BA-8668-69D4D643C7C0}"
EndProject
Project("{2150E333-8FDC-42A3-9474-1A3956D46DE8}") = "Async API", "Async API", "{406C1E84-BF11-4E98-BB97-9DB36F51A845}"
EndProject
Project("{2150E333-8FDC-42A3-9474-1A3956D46DE8}") = "Mediator", "Mediator", "{1260E2AA-ACE9-4E16-8858-43A45383AB41}"
EndProject
Project("{2150E333-8FDC-42A3-9474-1A3956D46DE8}") = "Core LifeCycle", "Core LifeCycle", "{68062761-23CD-4879-AB1A-5C8B9B265F3E}"
EndProject
Project("{2150E333-8FDC-42A3-9474-1A3956D46DE8}") = "Consume Http", "Consume Http", "{957E96A6-C2F8-4431-B702-B4848ED7BC9A}"
EndProject
Project("{9A19103F-16F7-4668-BE54-9A1E7A4F7556}") = "Movies.API", "Web\Http Consume\Movies.API\Movies.API.csproj", "{D93A4916-BA43-4E97-B952-5552DD2841AE}"
EndProject
Project("{9A19103F-16F7-4668-BE54-9A1E7A4F7556}") = "Movies.Client", "Web\Http Consume\Movies.Client\Movies.Client.csproj", "{B5E6D327-822A-426E-8DC6-AD9B83D63F2F}"
EndProject
Project("{9A19103F-16F7-4668-BE54-9A1E7A4F7556}") = "Movies.Test", "Web\Http Consume\Movies.Test\Movies.Test.csproj", "{45DD1174-2EEB-4BAB-A30D-8911FA6FA955}"
EndProject
Project("{9A19103F-16F7-4668-BE54-9A1E7A4F7556}") = "Mediator.Project", "DesignPatterns\Mediator\Mediator.Project\Mediator.Project.csproj", "{38C32E41-2D1B-4ADD-96D5-F061F6A5EC25}"
EndProject
Project("{9A19103F-16F7-4668-BE54-9A1E7A4F7556}") = "MediatRDemo", "DesignPatterns\Mediator\Mediator.MediatRDemo\MediatRDemo.csproj", "{26889128-576E-4194-A401-EF46A6FD5954}"
EndProject
Project("{9A19103F-16F7-4668-BE54-9A1E7A4F7556}") = "LifeCycle", "Web\LifeCycle\LifeCycle.csproj", "{A850FDAF-62A5-4BEE-8EB1-ACF106643D9C}"
EndProject
Project("{2150E333-8FDC-42A3-9474-1A3956D46DE8}") = "Polly", "Polly", "{D5177B37-3E56-40B9-9DB0-16E069B6E1C9}"
EndProject
Project("{2150E333-8FDC-42A3-9474-1A3956D46DE8}") = "Before", "Before", "{BBF1D3B4-F6FA-4487-833D-2D908D76FB80}"
EndProject
Project("{9A19103F-16F7-4668-BE54-9A1E7A4F7556}") = "PollyBefore", "Api\Polly\Before\PollyBefore\PollyBefore.csproj", "{F8E05BE8-1600-4746-A3AA-7706ED7B40EA}"
EndProject
Project("{2150E333-8FDC-42A3-9474-1A3956D46DE8}") = "Dependency Injection", "Dependency Injection", "{F676F8FF-ABA5-4C99-96CA-29B666FAEB9F}"
EndProject
Project("{FAE04EC0-301F-11D3-BF4B-00C04F79EFBC}") = "PeopleViewer", "DesignPatterns\Dependency Injection\PeopleViewer\PeopleViewer.csproj", "{068F7880-21BD-475F-A346-13AB0A23133E}"
EndProject
Project("{9A19103F-16F7-4668-BE54-9A1E7A4F7556}") = "People.Service", "DesignPatterns\Dependency Injection\People.Service\People.Service.csproj", "{7DD92A6C-7CB1-4CA2-9CD3-0C95633F198E}"
EndProject
Project("{2150E333-8FDC-42A3-9474-1A3956D46DE8}") = "0-Bootstrapper", "0-Bootstrapper", "{15C7047A-450E-4269-9F29-96EC321EA848}"
EndProject
Project("{2150E333-8FDC-42A3-9474-1A3956D46DE8}") = "4-DataStorage", "4-DataStorage", "{FF2926BF-8456-4C06-A755-3C3EB61F3DFE}"
EndProject
Project("{2150E333-8FDC-42A3-9474-1A3956D46DE8}") = "3-DataAccess", "3-DataAccess", "{C3D5F2F8-736B-4DCD-B829-8BFED74BA493}"
EndProject
Project("{2150E333-8FDC-42A3-9474-1A3956D46DE8}") = "2-Presentation", "2-Presentation", "{B12AEE66-1494-418E-A0DF-DDDA33E259F1}"
EndProject
Project("{9A19103F-16F7-4668-BE54-9A1E7A4F7556}") = "PeopleViewer.Presentation", "DesignPatterns\Dependency Injection\PeopleViewer.Presentation\PeopleViewer.Presentation.csproj", "{952DADE9-B379-4EF2-AA13-781A847818EC}"
EndProject
Project("{9A19103F-16F7-4668-BE54-9A1E7A4F7556}") = "PersonDataReader.Service", "DesignPatterns\Dependency Injection\PersonDataReader.Service\PersonDataReader.Service.csproj", "{CA99E8C7-8790-4FA2-9787-C8E5DB9E356E}"
EndProject
Project("{2150E333-8FDC-42A3-9474-1A3956D46DE8}") = "Shared", "Shared", "{27775FC0-A841-491F-AE5E-99BF754C0077}"
EndProject
Project("{9A19103F-16F7-4668-BE54-9A1E7A4F7556}") = "PeopleViewer.Common", "DesignPatterns\Dependency Injection\PeopleViewer.Common\PeopleViewer.Common.csproj", "{5D9D9BE8-9C6A-4655-9695-99942577A1D2}"
EndProject
Project("{2150E333-8FDC-42A3-9474-1A3956D46DE8}") = "1-View", "1-View", "{A053A29E-3C1F-46B9-8B14-C6BAF82054AA}"
EndProject
Project("{FAE04EC0-301F-11D3-BF4B-00C04F79EFBC}") = "PeopleViewer.View", "DesignPatterns\Dependency Injection\PeopleViewer.View\PeopleViewer.View.csproj", "{9128AD3D-7CAC-41DB-A597-28F5A1D4746F}"
EndProject
Project("{9A19103F-16F7-4668-BE54-9A1E7A4F7556}") = "PersonDataReader.CSV", "DesignPatterns\Dependency Injection\PersonDataReader.CSV\PersonDataReader.CSV.csproj", "{D2A03EDD-6FC9-423E-837E-4ACF551508A8}"
EndProject
Project("{9A19103F-16F7-4668-BE54-9A1E7A4F7556}") = "PersonDataReader.SQL", "DesignPatterns\Dependency Injection\PersonDataReader.SQL\PersonDataReader.SQL.csproj", "{56AD78D0-092C-4D93-A164-9D76F81ED1FD}"
EndProject
Project("{9A19103F-16F7-4668-BE54-9A1E7A4F7556}") = "PersonDataReader.Decorators", "DesignPatterns\Dependency Injection\PersonDataReader.Decorators\PersonDataReader.Decorators.csproj", "{9CDEA396-FE85-449A-B8ED-D941EFB80BF3}"
EndProject
Project("{2150E333-8FDC-42A3-9474-1A3956D46DE8}") = "UnitTests", "UnitTests", "{1CF9E89A-FB68-449C-9B49-13A3836B93C7}"
EndProject
Project("{9A19103F-16F7-4668-BE54-9A1E7A4F7556}") = "PeopleViewer.Presentation.Tests", "DesignPatterns\Dependency Injection\PeopleViewer.Presentation.Tests\PeopleViewer.Presentation.Tests.csproj", "{B2C0DF96-F330-47E1-9D37-4484FB8387E3}"
EndProject
Project("{9A19103F-16F7-4668-BE54-9A1E7A4F7556}") = "PersonDataReader.CSV.Tests", "DesignPatterns\Dependency Injection\PersonDataReader.CSV.Tests\PersonDataReader.CSV.Tests.csproj", "{CBBBE51B-5779-4E7D-9EAC-02ACB90A7136}"
EndProject
Project("{FAE04EC0-301F-11D3-BF4B-00C04F79EFBC}") = "PeopleViewer.Autofac", "DesignPatterns\Dependency Injection\PeopleViewer.Autofac\PeopleViewer.Autofac.csproj", "{1997D367-7DED-497B-9966-A16A8D269C21}"
EndProject
Project("{FAE04EC0-301F-11D3-BF4B-00C04F79EFBC}") = "PeopleViewer.Autofac.LateBinding", "DesignPatterns\Dependency Injection\PeopleViewer.Autofac.LateBinding\PeopleViewer.Autofac.LateBinding.csproj", "{FB1D1F9B-50D9-403B-8F29-43B4A3F421D1}"
EndProject
Project("{FAE04EC0-301F-11D3-BF4B-00C04F79EFBC}") = "PeopleViewer.Ninject", "DesignPatterns\Dependency Injection\PeopleViewer.Ninject\PeopleViewer.Ninject.csproj", "{08E081D0-760A-4BED-A1ED-DDA84AAFCD1C}"
EndProject
Project("{2150E333-8FDC-42A3-9474-1A3956D46DE8}") = "Working With Nulls", "Working With Nulls", "{68B535D5-FCE5-41EE-A90F-CF6348106F4D}"
EndProject
Project("{2150E333-8FDC-42A3-9474-1A3956D46DE8}") = "01 MagicNumbers", "01 MagicNumbers", "{BD47CEB0-4029-47C7-8501-ADEBDDF5DEFC}"
EndProject
Project("{FAE04EC0-301F-11D3-BF4B-00C04F79EFBC}") = "GameConsole", "Language\Working With Nulls\01 MagicNumbers\GameConsole\GameConsole.csproj", "{194894B6-EC58-4CB1-BADE-20B0852B05C7}"
EndProject
Project("{2150E333-8FDC-42A3-9474-1A3956D46DE8}") = "02 NullableOfT", "02 NullableOfT", "{FABBB293-51A6-40C8-8181-540DB5863C83}"
EndProject
Project("{FAE04EC0-301F-11D3-BF4B-00C04F79EFBC}") = "GameConsole", "Language\Working With Nulls\02 NullableOfT\GameConsole\GameConsole.csproj", "{0982FE1D-F329-4D4C-94F9-AA987442AFAA}"
EndProject
Project("{2150E333-8FDC-42A3-9474-1A3956D46DE8}") = "03 Null Basics with CS8", "03 Null Basics with CS8", "{1E291E36-C5C0-4547-9DED-A1A765953286}"
EndProject
Project("{9A19103F-16F7-4668-BE54-9A1E7A4F7556}") = "NullBasics", "Language\Working With Nulls\03 Null Basics with CS8\NullBasics\NullBasics.csproj", "{108281CB-17F6-4938-9189-68E7F1F97415}"
EndProject
Project("{2150E333-8FDC-42A3-9474-1A3956D46DE8}") = "2 Advanced Restful Concerns", "2 Advanced Restful Concerns", "{393C6B64-3A43-401E-A8C4-372C4F95147C}"
EndProject
Project("{9A19103F-16F7-4668-BE54-9A1E7A4F7556}") = "CourseLibrary2.API", "Web\Advanced Restful Concerns\CourseLibrary.API\CourseLibrary2.API.csproj", "{2900C008-F2EC-4A0D-8074-F47EB9F84036}"
EndProject
Project("{2150E333-8FDC-42A3-9474-1A3956D46DE8}") = "1 Building Restful APIs", "1 Building Restful APIs", "{C37DE2DF-372F-4527-BE83-EEBEB5CE792D}"
EndProject
Project("{FAE04EC0-301F-11D3-BF4B-00C04F79EFBC}") = "CourseLibrary.API", "Web\1 Building Restful APIs\CourseLibrary.API\CourseLibrary.API.csproj", "{A2DDAEA3-6297-49F2-991C-F72785EFF6C3}"
EndProject
Global
	GlobalSection(SolutionConfigurationPlatforms) = preSolution
		Debug|Any CPU = Debug|Any CPU
		Debug|x64 = Debug|x64
		Debug|x86 = Debug|x86
		Release|Any CPU = Release|Any CPU
		Release|x64 = Release|x64
		Release|x86 = Release|x86
	EndGlobalSection
	GlobalSection(ProjectConfigurationPlatforms) = postSolution
		{4283A223-F11D-4319-8A55-2BEE8CDDA4B7}.Debug|Any CPU.ActiveCfg = Debug|Any CPU
		{4283A223-F11D-4319-8A55-2BEE8CDDA4B7}.Debug|Any CPU.Build.0 = Debug|Any CPU
		{4283A223-F11D-4319-8A55-2BEE8CDDA4B7}.Debug|x64.ActiveCfg = Debug|Any CPU
		{4283A223-F11D-4319-8A55-2BEE8CDDA4B7}.Debug|x64.Build.0 = Debug|Any CPU
		{4283A223-F11D-4319-8A55-2BEE8CDDA4B7}.Debug|x86.ActiveCfg = Debug|Any CPU
		{4283A223-F11D-4319-8A55-2BEE8CDDA4B7}.Debug|x86.Build.0 = Debug|Any CPU
		{4283A223-F11D-4319-8A55-2BEE8CDDA4B7}.Release|Any CPU.ActiveCfg = Release|Any CPU
		{4283A223-F11D-4319-8A55-2BEE8CDDA4B7}.Release|Any CPU.Build.0 = Release|Any CPU
		{4283A223-F11D-4319-8A55-2BEE8CDDA4B7}.Release|x64.ActiveCfg = Release|Any CPU
		{4283A223-F11D-4319-8A55-2BEE8CDDA4B7}.Release|x64.Build.0 = Release|Any CPU
		{4283A223-F11D-4319-8A55-2BEE8CDDA4B7}.Release|x86.ActiveCfg = Release|Any CPU
		{4283A223-F11D-4319-8A55-2BEE8CDDA4B7}.Release|x86.Build.0 = Release|Any CPU
		{87579CFF-DB15-4542-980C-5DC08156BEC2}.Debug|Any CPU.ActiveCfg = Debug|Any CPU
		{87579CFF-DB15-4542-980C-5DC08156BEC2}.Debug|Any CPU.Build.0 = Debug|Any CPU
		{87579CFF-DB15-4542-980C-5DC08156BEC2}.Debug|x64.ActiveCfg = Debug|Any CPU
		{87579CFF-DB15-4542-980C-5DC08156BEC2}.Debug|x64.Build.0 = Debug|Any CPU
		{87579CFF-DB15-4542-980C-5DC08156BEC2}.Debug|x86.ActiveCfg = Debug|Any CPU
		{87579CFF-DB15-4542-980C-5DC08156BEC2}.Debug|x86.Build.0 = Debug|Any CPU
		{87579CFF-DB15-4542-980C-5DC08156BEC2}.Release|Any CPU.ActiveCfg = Release|Any CPU
		{87579CFF-DB15-4542-980C-5DC08156BEC2}.Release|Any CPU.Build.0 = Release|Any CPU
		{87579CFF-DB15-4542-980C-5DC08156BEC2}.Release|x64.ActiveCfg = Release|Any CPU
		{87579CFF-DB15-4542-980C-5DC08156BEC2}.Release|x64.Build.0 = Release|Any CPU
		{87579CFF-DB15-4542-980C-5DC08156BEC2}.Release|x86.ActiveCfg = Release|Any CPU
		{87579CFF-DB15-4542-980C-5DC08156BEC2}.Release|x86.Build.0 = Release|Any CPU
		{7396CAED-D427-4673-9A95-DAB943ADB131}.Debug|Any CPU.ActiveCfg = Debug|Any CPU
		{7396CAED-D427-4673-9A95-DAB943ADB131}.Debug|Any CPU.Build.0 = Debug|Any CPU
		{7396CAED-D427-4673-9A95-DAB943ADB131}.Debug|x64.ActiveCfg = Debug|Any CPU
		{7396CAED-D427-4673-9A95-DAB943ADB131}.Debug|x64.Build.0 = Debug|Any CPU
		{7396CAED-D427-4673-9A95-DAB943ADB131}.Debug|x86.ActiveCfg = Debug|Any CPU
		{7396CAED-D427-4673-9A95-DAB943ADB131}.Debug|x86.Build.0 = Debug|Any CPU
		{7396CAED-D427-4673-9A95-DAB943ADB131}.Release|Any CPU.ActiveCfg = Release|Any CPU
		{7396CAED-D427-4673-9A95-DAB943ADB131}.Release|Any CPU.Build.0 = Release|Any CPU
		{7396CAED-D427-4673-9A95-DAB943ADB131}.Release|x64.ActiveCfg = Release|Any CPU
		{7396CAED-D427-4673-9A95-DAB943ADB131}.Release|x64.Build.0 = Release|Any CPU
		{7396CAED-D427-4673-9A95-DAB943ADB131}.Release|x86.ActiveCfg = Release|Any CPU
		{7396CAED-D427-4673-9A95-DAB943ADB131}.Release|x86.Build.0 = Release|Any CPU
		{DF1139E4-EBFA-4B5D-86F3-D8065FF81F9C}.Debug|Any CPU.ActiveCfg = Debug|Any CPU
		{DF1139E4-EBFA-4B5D-86F3-D8065FF81F9C}.Debug|Any CPU.Build.0 = Debug|Any CPU
		{DF1139E4-EBFA-4B5D-86F3-D8065FF81F9C}.Debug|x64.ActiveCfg = Debug|Any CPU
		{DF1139E4-EBFA-4B5D-86F3-D8065FF81F9C}.Debug|x64.Build.0 = Debug|Any CPU
		{DF1139E4-EBFA-4B5D-86F3-D8065FF81F9C}.Debug|x86.ActiveCfg = Debug|Any CPU
		{DF1139E4-EBFA-4B5D-86F3-D8065FF81F9C}.Debug|x86.Build.0 = Debug|Any CPU
		{DF1139E4-EBFA-4B5D-86F3-D8065FF81F9C}.Release|Any CPU.ActiveCfg = Release|Any CPU
		{DF1139E4-EBFA-4B5D-86F3-D8065FF81F9C}.Release|Any CPU.Build.0 = Release|Any CPU
		{DF1139E4-EBFA-4B5D-86F3-D8065FF81F9C}.Release|x64.ActiveCfg = Release|Any CPU
		{DF1139E4-EBFA-4B5D-86F3-D8065FF81F9C}.Release|x64.Build.0 = Release|Any CPU
		{DF1139E4-EBFA-4B5D-86F3-D8065FF81F9C}.Release|x86.ActiveCfg = Release|Any CPU
		{DF1139E4-EBFA-4B5D-86F3-D8065FF81F9C}.Release|x86.Build.0 = Release|Any CPU
		{206E6568-423C-4070-83D3-E1C83F37362D}.Debug|Any CPU.ActiveCfg = Debug|Any CPU
		{206E6568-423C-4070-83D3-E1C83F37362D}.Debug|Any CPU.Build.0 = Debug|Any CPU
		{206E6568-423C-4070-83D3-E1C83F37362D}.Debug|x64.ActiveCfg = Debug|Any CPU
		{206E6568-423C-4070-83D3-E1C83F37362D}.Debug|x64.Build.0 = Debug|Any CPU
		{206E6568-423C-4070-83D3-E1C83F37362D}.Debug|x86.ActiveCfg = Debug|Any CPU
		{206E6568-423C-4070-83D3-E1C83F37362D}.Debug|x86.Build.0 = Debug|Any CPU
		{206E6568-423C-4070-83D3-E1C83F37362D}.Release|Any CPU.ActiveCfg = Release|Any CPU
		{206E6568-423C-4070-83D3-E1C83F37362D}.Release|Any CPU.Build.0 = Release|Any CPU
		{206E6568-423C-4070-83D3-E1C83F37362D}.Release|x64.ActiveCfg = Release|Any CPU
		{206E6568-423C-4070-83D3-E1C83F37362D}.Release|x64.Build.0 = Release|Any CPU
		{206E6568-423C-4070-83D3-E1C83F37362D}.Release|x86.ActiveCfg = Release|Any CPU
		{206E6568-423C-4070-83D3-E1C83F37362D}.Release|x86.Build.0 = Release|Any CPU
		{62E3CBA0-3B60-42DF-B313-2004B18F12CD}.Debug|Any CPU.ActiveCfg = Debug|Any CPU
		{62E3CBA0-3B60-42DF-B313-2004B18F12CD}.Debug|Any CPU.Build.0 = Debug|Any CPU
		{62E3CBA0-3B60-42DF-B313-2004B18F12CD}.Debug|x64.ActiveCfg = Debug|Any CPU
		{62E3CBA0-3B60-42DF-B313-2004B18F12CD}.Debug|x64.Build.0 = Debug|Any CPU
		{62E3CBA0-3B60-42DF-B313-2004B18F12CD}.Debug|x86.ActiveCfg = Debug|Any CPU
		{62E3CBA0-3B60-42DF-B313-2004B18F12CD}.Debug|x86.Build.0 = Debug|Any CPU
		{62E3CBA0-3B60-42DF-B313-2004B18F12CD}.Release|Any CPU.ActiveCfg = Release|Any CPU
		{62E3CBA0-3B60-42DF-B313-2004B18F12CD}.Release|Any CPU.Build.0 = Release|Any CPU
		{62E3CBA0-3B60-42DF-B313-2004B18F12CD}.Release|x64.ActiveCfg = Release|Any CPU
		{62E3CBA0-3B60-42DF-B313-2004B18F12CD}.Release|x64.Build.0 = Release|Any CPU
		{62E3CBA0-3B60-42DF-B313-2004B18F12CD}.Release|x86.ActiveCfg = Release|Any CPU
		{62E3CBA0-3B60-42DF-B313-2004B18F12CD}.Release|x86.Build.0 = Release|Any CPU
		{D93A4916-BA43-4E97-B952-5552DD2841AE}.Debug|Any CPU.ActiveCfg = Debug|Any CPU
		{D93A4916-BA43-4E97-B952-5552DD2841AE}.Debug|Any CPU.Build.0 = Debug|Any CPU
		{D93A4916-BA43-4E97-B952-5552DD2841AE}.Debug|x64.ActiveCfg = Debug|Any CPU
		{D93A4916-BA43-4E97-B952-5552DD2841AE}.Debug|x64.Build.0 = Debug|Any CPU
		{D93A4916-BA43-4E97-B952-5552DD2841AE}.Debug|x86.ActiveCfg = Debug|Any CPU
		{D93A4916-BA43-4E97-B952-5552DD2841AE}.Debug|x86.Build.0 = Debug|Any CPU
		{D93A4916-BA43-4E97-B952-5552DD2841AE}.Release|Any CPU.ActiveCfg = Release|Any CPU
		{D93A4916-BA43-4E97-B952-5552DD2841AE}.Release|Any CPU.Build.0 = Release|Any CPU
		{D93A4916-BA43-4E97-B952-5552DD2841AE}.Release|x64.ActiveCfg = Release|Any CPU
		{D93A4916-BA43-4E97-B952-5552DD2841AE}.Release|x64.Build.0 = Release|Any CPU
		{D93A4916-BA43-4E97-B952-5552DD2841AE}.Release|x86.ActiveCfg = Release|Any CPU
		{D93A4916-BA43-4E97-B952-5552DD2841AE}.Release|x86.Build.0 = Release|Any CPU
		{B5E6D327-822A-426E-8DC6-AD9B83D63F2F}.Debug|Any CPU.ActiveCfg = Debug|Any CPU
		{B5E6D327-822A-426E-8DC6-AD9B83D63F2F}.Debug|Any CPU.Build.0 = Debug|Any CPU
		{B5E6D327-822A-426E-8DC6-AD9B83D63F2F}.Debug|x64.ActiveCfg = Debug|Any CPU
		{B5E6D327-822A-426E-8DC6-AD9B83D63F2F}.Debug|x64.Build.0 = Debug|Any CPU
		{B5E6D327-822A-426E-8DC6-AD9B83D63F2F}.Debug|x86.ActiveCfg = Debug|Any CPU
		{B5E6D327-822A-426E-8DC6-AD9B83D63F2F}.Debug|x86.Build.0 = Debug|Any CPU
		{B5E6D327-822A-426E-8DC6-AD9B83D63F2F}.Release|Any CPU.ActiveCfg = Release|Any CPU
		{B5E6D327-822A-426E-8DC6-AD9B83D63F2F}.Release|Any CPU.Build.0 = Release|Any CPU
		{B5E6D327-822A-426E-8DC6-AD9B83D63F2F}.Release|x64.ActiveCfg = Release|Any CPU
		{B5E6D327-822A-426E-8DC6-AD9B83D63F2F}.Release|x64.Build.0 = Release|Any CPU
		{B5E6D327-822A-426E-8DC6-AD9B83D63F2F}.Release|x86.ActiveCfg = Release|Any CPU
		{B5E6D327-822A-426E-8DC6-AD9B83D63F2F}.Release|x86.Build.0 = Release|Any CPU
		{45DD1174-2EEB-4BAB-A30D-8911FA6FA955}.Debug|Any CPU.ActiveCfg = Debug|Any CPU
		{45DD1174-2EEB-4BAB-A30D-8911FA6FA955}.Debug|Any CPU.Build.0 = Debug|Any CPU
		{45DD1174-2EEB-4BAB-A30D-8911FA6FA955}.Debug|x64.ActiveCfg = Debug|Any CPU
		{45DD1174-2EEB-4BAB-A30D-8911FA6FA955}.Debug|x64.Build.0 = Debug|Any CPU
		{45DD1174-2EEB-4BAB-A30D-8911FA6FA955}.Debug|x86.ActiveCfg = Debug|Any CPU
		{45DD1174-2EEB-4BAB-A30D-8911FA6FA955}.Debug|x86.Build.0 = Debug|Any CPU
		{45DD1174-2EEB-4BAB-A30D-8911FA6FA955}.Release|Any CPU.ActiveCfg = Release|Any CPU
		{45DD1174-2EEB-4BAB-A30D-8911FA6FA955}.Release|Any CPU.Build.0 = Release|Any CPU
		{45DD1174-2EEB-4BAB-A30D-8911FA6FA955}.Release|x64.ActiveCfg = Release|Any CPU
		{45DD1174-2EEB-4BAB-A30D-8911FA6FA955}.Release|x64.Build.0 = Release|Any CPU
		{45DD1174-2EEB-4BAB-A30D-8911FA6FA955}.Release|x86.ActiveCfg = Release|Any CPU
		{45DD1174-2EEB-4BAB-A30D-8911FA6FA955}.Release|x86.Build.0 = Release|Any CPU
		{38C32E41-2D1B-4ADD-96D5-F061F6A5EC25}.Debug|Any CPU.ActiveCfg = Debug|Any CPU
		{38C32E41-2D1B-4ADD-96D5-F061F6A5EC25}.Debug|Any CPU.Build.0 = Debug|Any CPU
		{38C32E41-2D1B-4ADD-96D5-F061F6A5EC25}.Debug|x64.ActiveCfg = Debug|Any CPU
		{38C32E41-2D1B-4ADD-96D5-F061F6A5EC25}.Debug|x64.Build.0 = Debug|Any CPU
		{38C32E41-2D1B-4ADD-96D5-F061F6A5EC25}.Debug|x86.ActiveCfg = Debug|Any CPU
		{38C32E41-2D1B-4ADD-96D5-F061F6A5EC25}.Debug|x86.Build.0 = Debug|Any CPU
		{38C32E41-2D1B-4ADD-96D5-F061F6A5EC25}.Release|Any CPU.ActiveCfg = Release|Any CPU
		{38C32E41-2D1B-4ADD-96D5-F061F6A5EC25}.Release|Any CPU.Build.0 = Release|Any CPU
		{38C32E41-2D1B-4ADD-96D5-F061F6A5EC25}.Release|x64.ActiveCfg = Release|Any CPU
		{38C32E41-2D1B-4ADD-96D5-F061F6A5EC25}.Release|x64.Build.0 = Release|Any CPU
		{38C32E41-2D1B-4ADD-96D5-F061F6A5EC25}.Release|x86.ActiveCfg = Release|Any CPU
		{38C32E41-2D1B-4ADD-96D5-F061F6A5EC25}.Release|x86.Build.0 = Release|Any CPU
		{26889128-576E-4194-A401-EF46A6FD5954}.Debug|Any CPU.ActiveCfg = Debug|Any CPU
		{26889128-576E-4194-A401-EF46A6FD5954}.Debug|Any CPU.Build.0 = Debug|Any CPU
		{26889128-576E-4194-A401-EF46A6FD5954}.Debug|x64.ActiveCfg = Debug|Any CPU
		{26889128-576E-4194-A401-EF46A6FD5954}.Debug|x64.Build.0 = Debug|Any CPU
		{26889128-576E-4194-A401-EF46A6FD5954}.Debug|x86.ActiveCfg = Debug|Any CPU
		{26889128-576E-4194-A401-EF46A6FD5954}.Debug|x86.Build.0 = Debug|Any CPU
		{26889128-576E-4194-A401-EF46A6FD5954}.Release|Any CPU.ActiveCfg = Release|Any CPU
		{26889128-576E-4194-A401-EF46A6FD5954}.Release|Any CPU.Build.0 = Release|Any CPU
		{26889128-576E-4194-A401-EF46A6FD5954}.Release|x64.ActiveCfg = Release|Any CPU
		{26889128-576E-4194-A401-EF46A6FD5954}.Release|x64.Build.0 = Release|Any CPU
		{26889128-576E-4194-A401-EF46A6FD5954}.Release|x86.ActiveCfg = Release|Any CPU
		{26889128-576E-4194-A401-EF46A6FD5954}.Release|x86.Build.0 = Release|Any CPU
		{A850FDAF-62A5-4BEE-8EB1-ACF106643D9C}.Debug|Any CPU.ActiveCfg = Debug|Any CPU
		{A850FDAF-62A5-4BEE-8EB1-ACF106643D9C}.Debug|Any CPU.Build.0 = Debug|Any CPU
		{A850FDAF-62A5-4BEE-8EB1-ACF106643D9C}.Debug|x64.ActiveCfg = Debug|Any CPU
		{A850FDAF-62A5-4BEE-8EB1-ACF106643D9C}.Debug|x64.Build.0 = Debug|Any CPU
		{A850FDAF-62A5-4BEE-8EB1-ACF106643D9C}.Debug|x86.ActiveCfg = Debug|Any CPU
		{A850FDAF-62A5-4BEE-8EB1-ACF106643D9C}.Debug|x86.Build.0 = Debug|Any CPU
		{A850FDAF-62A5-4BEE-8EB1-ACF106643D9C}.Release|Any CPU.ActiveCfg = Release|Any CPU
		{A850FDAF-62A5-4BEE-8EB1-ACF106643D9C}.Release|Any CPU.Build.0 = Release|Any CPU
		{A850FDAF-62A5-4BEE-8EB1-ACF106643D9C}.Release|x64.ActiveCfg = Release|Any CPU
		{A850FDAF-62A5-4BEE-8EB1-ACF106643D9C}.Release|x64.Build.0 = Release|Any CPU
		{A850FDAF-62A5-4BEE-8EB1-ACF106643D9C}.Release|x86.ActiveCfg = Release|Any CPU
		{A850FDAF-62A5-4BEE-8EB1-ACF106643D9C}.Release|x86.Build.0 = Release|Any CPU
		{F8E05BE8-1600-4746-A3AA-7706ED7B40EA}.Debug|Any CPU.ActiveCfg = Debug|Any CPU
		{F8E05BE8-1600-4746-A3AA-7706ED7B40EA}.Debug|Any CPU.Build.0 = Debug|Any CPU
		{F8E05BE8-1600-4746-A3AA-7706ED7B40EA}.Debug|x64.ActiveCfg = Debug|Any CPU
		{F8E05BE8-1600-4746-A3AA-7706ED7B40EA}.Debug|x64.Build.0 = Debug|Any CPU
		{F8E05BE8-1600-4746-A3AA-7706ED7B40EA}.Debug|x86.ActiveCfg = Debug|Any CPU
		{F8E05BE8-1600-4746-A3AA-7706ED7B40EA}.Debug|x86.Build.0 = Debug|Any CPU
		{F8E05BE8-1600-4746-A3AA-7706ED7B40EA}.Release|Any CPU.ActiveCfg = Release|Any CPU
		{F8E05BE8-1600-4746-A3AA-7706ED7B40EA}.Release|Any CPU.Build.0 = Release|Any CPU
		{F8E05BE8-1600-4746-A3AA-7706ED7B40EA}.Release|x64.ActiveCfg = Release|Any CPU
		{F8E05BE8-1600-4746-A3AA-7706ED7B40EA}.Release|x64.Build.0 = Release|Any CPU
		{F8E05BE8-1600-4746-A3AA-7706ED7B40EA}.Release|x86.ActiveCfg = Release|Any CPU
		{F8E05BE8-1600-4746-A3AA-7706ED7B40EA}.Release|x86.Build.0 = Release|Any CPU
		{068F7880-21BD-475F-A346-13AB0A23133E}.Debug|Any CPU.ActiveCfg = Debug|Any CPU
		{068F7880-21BD-475F-A346-13AB0A23133E}.Debug|Any CPU.Build.0 = Debug|Any CPU
		{068F7880-21BD-475F-A346-13AB0A23133E}.Debug|x64.ActiveCfg = Debug|Any CPU
		{068F7880-21BD-475F-A346-13AB0A23133E}.Debug|x64.Build.0 = Debug|Any CPU
		{068F7880-21BD-475F-A346-13AB0A23133E}.Debug|x86.ActiveCfg = Debug|Any CPU
		{068F7880-21BD-475F-A346-13AB0A23133E}.Debug|x86.Build.0 = Debug|Any CPU
		{068F7880-21BD-475F-A346-13AB0A23133E}.Release|Any CPU.ActiveCfg = Release|Any CPU
		{068F7880-21BD-475F-A346-13AB0A23133E}.Release|Any CPU.Build.0 = Release|Any CPU
		{068F7880-21BD-475F-A346-13AB0A23133E}.Release|x64.ActiveCfg = Release|Any CPU
		{068F7880-21BD-475F-A346-13AB0A23133E}.Release|x64.Build.0 = Release|Any CPU
		{068F7880-21BD-475F-A346-13AB0A23133E}.Release|x86.ActiveCfg = Release|Any CPU
		{068F7880-21BD-475F-A346-13AB0A23133E}.Release|x86.Build.0 = Release|Any CPU
		{7DD92A6C-7CB1-4CA2-9CD3-0C95633F198E}.Debug|Any CPU.ActiveCfg = Debug|Any CPU
		{7DD92A6C-7CB1-4CA2-9CD3-0C95633F198E}.Debug|Any CPU.Build.0 = Debug|Any CPU
		{7DD92A6C-7CB1-4CA2-9CD3-0C95633F198E}.Debug|x64.ActiveCfg = Debug|Any CPU
		{7DD92A6C-7CB1-4CA2-9CD3-0C95633F198E}.Debug|x64.Build.0 = Debug|Any CPU
		{7DD92A6C-7CB1-4CA2-9CD3-0C95633F198E}.Debug|x86.ActiveCfg = Debug|Any CPU
		{7DD92A6C-7CB1-4CA2-9CD3-0C95633F198E}.Debug|x86.Build.0 = Debug|Any CPU
		{7DD92A6C-7CB1-4CA2-9CD3-0C95633F198E}.Release|Any CPU.ActiveCfg = Release|Any CPU
		{7DD92A6C-7CB1-4CA2-9CD3-0C95633F198E}.Release|Any CPU.Build.0 = Release|Any CPU
		{7DD92A6C-7CB1-4CA2-9CD3-0C95633F198E}.Release|x64.ActiveCfg = Release|Any CPU
		{7DD92A6C-7CB1-4CA2-9CD3-0C95633F198E}.Release|x64.Build.0 = Release|Any CPU
		{7DD92A6C-7CB1-4CA2-9CD3-0C95633F198E}.Release|x86.ActiveCfg = Release|Any CPU
		{7DD92A6C-7CB1-4CA2-9CD3-0C95633F198E}.Release|x86.Build.0 = Release|Any CPU
		{952DADE9-B379-4EF2-AA13-781A847818EC}.Debug|Any CPU.ActiveCfg = Debug|Any CPU
		{952DADE9-B379-4EF2-AA13-781A847818EC}.Debug|Any CPU.Build.0 = Debug|Any CPU
		{952DADE9-B379-4EF2-AA13-781A847818EC}.Debug|x64.ActiveCfg = Debug|Any CPU
		{952DADE9-B379-4EF2-AA13-781A847818EC}.Debug|x64.Build.0 = Debug|Any CPU
		{952DADE9-B379-4EF2-AA13-781A847818EC}.Debug|x86.ActiveCfg = Debug|Any CPU
		{952DADE9-B379-4EF2-AA13-781A847818EC}.Debug|x86.Build.0 = Debug|Any CPU
		{952DADE9-B379-4EF2-AA13-781A847818EC}.Release|Any CPU.ActiveCfg = Release|Any CPU
		{952DADE9-B379-4EF2-AA13-781A847818EC}.Release|Any CPU.Build.0 = Release|Any CPU
		{952DADE9-B379-4EF2-AA13-781A847818EC}.Release|x64.ActiveCfg = Release|Any CPU
		{952DADE9-B379-4EF2-AA13-781A847818EC}.Release|x64.Build.0 = Release|Any CPU
		{952DADE9-B379-4EF2-AA13-781A847818EC}.Release|x86.ActiveCfg = Release|Any CPU
		{952DADE9-B379-4EF2-AA13-781A847818EC}.Release|x86.Build.0 = Release|Any CPU
		{CA99E8C7-8790-4FA2-9787-C8E5DB9E356E}.Debug|Any CPU.ActiveCfg = Debug|Any CPU
		{CA99E8C7-8790-4FA2-9787-C8E5DB9E356E}.Debug|Any CPU.Build.0 = Debug|Any CPU
		{CA99E8C7-8790-4FA2-9787-C8E5DB9E356E}.Debug|x64.ActiveCfg = Debug|Any CPU
		{CA99E8C7-8790-4FA2-9787-C8E5DB9E356E}.Debug|x64.Build.0 = Debug|Any CPU
		{CA99E8C7-8790-4FA2-9787-C8E5DB9E356E}.Debug|x86.ActiveCfg = Debug|Any CPU
		{CA99E8C7-8790-4FA2-9787-C8E5DB9E356E}.Debug|x86.Build.0 = Debug|Any CPU
		{CA99E8C7-8790-4FA2-9787-C8E5DB9E356E}.Release|Any CPU.ActiveCfg = Release|Any CPU
		{CA99E8C7-8790-4FA2-9787-C8E5DB9E356E}.Release|Any CPU.Build.0 = Release|Any CPU
		{CA99E8C7-8790-4FA2-9787-C8E5DB9E356E}.Release|x64.ActiveCfg = Release|Any CPU
		{CA99E8C7-8790-4FA2-9787-C8E5DB9E356E}.Release|x64.Build.0 = Release|Any CPU
		{CA99E8C7-8790-4FA2-9787-C8E5DB9E356E}.Release|x86.ActiveCfg = Release|Any CPU
		{CA99E8C7-8790-4FA2-9787-C8E5DB9E356E}.Release|x86.Build.0 = Release|Any CPU
		{5D9D9BE8-9C6A-4655-9695-99942577A1D2}.Debug|Any CPU.ActiveCfg = Debug|Any CPU
		{5D9D9BE8-9C6A-4655-9695-99942577A1D2}.Debug|Any CPU.Build.0 = Debug|Any CPU
		{5D9D9BE8-9C6A-4655-9695-99942577A1D2}.Debug|x64.ActiveCfg = Debug|Any CPU
		{5D9D9BE8-9C6A-4655-9695-99942577A1D2}.Debug|x64.Build.0 = Debug|Any CPU
		{5D9D9BE8-9C6A-4655-9695-99942577A1D2}.Debug|x86.ActiveCfg = Debug|Any CPU
		{5D9D9BE8-9C6A-4655-9695-99942577A1D2}.Debug|x86.Build.0 = Debug|Any CPU
		{5D9D9BE8-9C6A-4655-9695-99942577A1D2}.Release|Any CPU.ActiveCfg = Release|Any CPU
		{5D9D9BE8-9C6A-4655-9695-99942577A1D2}.Release|Any CPU.Build.0 = Release|Any CPU
		{5D9D9BE8-9C6A-4655-9695-99942577A1D2}.Release|x64.ActiveCfg = Release|Any CPU
		{5D9D9BE8-9C6A-4655-9695-99942577A1D2}.Release|x64.Build.0 = Release|Any CPU
		{5D9D9BE8-9C6A-4655-9695-99942577A1D2}.Release|x86.ActiveCfg = Release|Any CPU
		{5D9D9BE8-9C6A-4655-9695-99942577A1D2}.Release|x86.Build.0 = Release|Any CPU
		{9128AD3D-7CAC-41DB-A597-28F5A1D4746F}.Debug|Any CPU.ActiveCfg = Debug|Any CPU
		{9128AD3D-7CAC-41DB-A597-28F5A1D4746F}.Debug|Any CPU.Build.0 = Debug|Any CPU
		{9128AD3D-7CAC-41DB-A597-28F5A1D4746F}.Debug|x64.ActiveCfg = Debug|Any CPU
		{9128AD3D-7CAC-41DB-A597-28F5A1D4746F}.Debug|x64.Build.0 = Debug|Any CPU
		{9128AD3D-7CAC-41DB-A597-28F5A1D4746F}.Debug|x86.ActiveCfg = Debug|Any CPU
		{9128AD3D-7CAC-41DB-A597-28F5A1D4746F}.Debug|x86.Build.0 = Debug|Any CPU
		{9128AD3D-7CAC-41DB-A597-28F5A1D4746F}.Release|Any CPU.ActiveCfg = Release|Any CPU
		{9128AD3D-7CAC-41DB-A597-28F5A1D4746F}.Release|Any CPU.Build.0 = Release|Any CPU
		{9128AD3D-7CAC-41DB-A597-28F5A1D4746F}.Release|x64.ActiveCfg = Release|Any CPU
		{9128AD3D-7CAC-41DB-A597-28F5A1D4746F}.Release|x64.Build.0 = Release|Any CPU
		{9128AD3D-7CAC-41DB-A597-28F5A1D4746F}.Release|x86.ActiveCfg = Release|Any CPU
		{9128AD3D-7CAC-41DB-A597-28F5A1D4746F}.Release|x86.Build.0 = Release|Any CPU
		{D2A03EDD-6FC9-423E-837E-4ACF551508A8}.Debug|Any CPU.ActiveCfg = Debug|Any CPU
		{D2A03EDD-6FC9-423E-837E-4ACF551508A8}.Debug|Any CPU.Build.0 = Debug|Any CPU
		{D2A03EDD-6FC9-423E-837E-4ACF551508A8}.Debug|x64.ActiveCfg = Debug|Any CPU
		{D2A03EDD-6FC9-423E-837E-4ACF551508A8}.Debug|x64.Build.0 = Debug|Any CPU
		{D2A03EDD-6FC9-423E-837E-4ACF551508A8}.Debug|x86.ActiveCfg = Debug|Any CPU
		{D2A03EDD-6FC9-423E-837E-4ACF551508A8}.Debug|x86.Build.0 = Debug|Any CPU
		{D2A03EDD-6FC9-423E-837E-4ACF551508A8}.Release|Any CPU.ActiveCfg = Release|Any CPU
		{D2A03EDD-6FC9-423E-837E-4ACF551508A8}.Release|Any CPU.Build.0 = Release|Any CPU
		{D2A03EDD-6FC9-423E-837E-4ACF551508A8}.Release|x64.ActiveCfg = Release|Any CPU
		{D2A03EDD-6FC9-423E-837E-4ACF551508A8}.Release|x64.Build.0 = Release|Any CPU
		{D2A03EDD-6FC9-423E-837E-4ACF551508A8}.Release|x86.ActiveCfg = Release|Any CPU
		{D2A03EDD-6FC9-423E-837E-4ACF551508A8}.Release|x86.Build.0 = Release|Any CPU
		{56AD78D0-092C-4D93-A164-9D76F81ED1FD}.Debug|Any CPU.ActiveCfg = Debug|Any CPU
		{56AD78D0-092C-4D93-A164-9D76F81ED1FD}.Debug|Any CPU.Build.0 = Debug|Any CPU
		{56AD78D0-092C-4D93-A164-9D76F81ED1FD}.Debug|x64.ActiveCfg = Debug|Any CPU
		{56AD78D0-092C-4D93-A164-9D76F81ED1FD}.Debug|x64.Build.0 = Debug|Any CPU
		{56AD78D0-092C-4D93-A164-9D76F81ED1FD}.Debug|x86.ActiveCfg = Debug|Any CPU
		{56AD78D0-092C-4D93-A164-9D76F81ED1FD}.Debug|x86.Build.0 = Debug|Any CPU
		{56AD78D0-092C-4D93-A164-9D76F81ED1FD}.Release|Any CPU.ActiveCfg = Release|Any CPU
		{56AD78D0-092C-4D93-A164-9D76F81ED1FD}.Release|Any CPU.Build.0 = Release|Any CPU
		{56AD78D0-092C-4D93-A164-9D76F81ED1FD}.Release|x64.ActiveCfg = Release|Any CPU
		{56AD78D0-092C-4D93-A164-9D76F81ED1FD}.Release|x64.Build.0 = Release|Any CPU
		{56AD78D0-092C-4D93-A164-9D76F81ED1FD}.Release|x86.ActiveCfg = Release|Any CPU
		{56AD78D0-092C-4D93-A164-9D76F81ED1FD}.Release|x86.Build.0 = Release|Any CPU
		{9CDEA396-FE85-449A-B8ED-D941EFB80BF3}.Debug|Any CPU.ActiveCfg = Debug|Any CPU
		{9CDEA396-FE85-449A-B8ED-D941EFB80BF3}.Debug|Any CPU.Build.0 = Debug|Any CPU
		{9CDEA396-FE85-449A-B8ED-D941EFB80BF3}.Debug|x64.ActiveCfg = Debug|Any CPU
		{9CDEA396-FE85-449A-B8ED-D941EFB80BF3}.Debug|x64.Build.0 = Debug|Any CPU
		{9CDEA396-FE85-449A-B8ED-D941EFB80BF3}.Debug|x86.ActiveCfg = Debug|Any CPU
		{9CDEA396-FE85-449A-B8ED-D941EFB80BF3}.Debug|x86.Build.0 = Debug|Any CPU
		{9CDEA396-FE85-449A-B8ED-D941EFB80BF3}.Release|Any CPU.ActiveCfg = Release|Any CPU
		{9CDEA396-FE85-449A-B8ED-D941EFB80BF3}.Release|Any CPU.Build.0 = Release|Any CPU
		{9CDEA396-FE85-449A-B8ED-D941EFB80BF3}.Release|x64.ActiveCfg = Release|Any CPU
		{9CDEA396-FE85-449A-B8ED-D941EFB80BF3}.Release|x64.Build.0 = Release|Any CPU
		{9CDEA396-FE85-449A-B8ED-D941EFB80BF3}.Release|x86.ActiveCfg = Release|Any CPU
		{9CDEA396-FE85-449A-B8ED-D941EFB80BF3}.Release|x86.Build.0 = Release|Any CPU
		{B2C0DF96-F330-47E1-9D37-4484FB8387E3}.Debug|Any CPU.ActiveCfg = Debug|Any CPU
		{B2C0DF96-F330-47E1-9D37-4484FB8387E3}.Debug|Any CPU.Build.0 = Debug|Any CPU
		{B2C0DF96-F330-47E1-9D37-4484FB8387E3}.Debug|x64.ActiveCfg = Debug|Any CPU
		{B2C0DF96-F330-47E1-9D37-4484FB8387E3}.Debug|x64.Build.0 = Debug|Any CPU
		{B2C0DF96-F330-47E1-9D37-4484FB8387E3}.Debug|x86.ActiveCfg = Debug|Any CPU
		{B2C0DF96-F330-47E1-9D37-4484FB8387E3}.Debug|x86.Build.0 = Debug|Any CPU
		{B2C0DF96-F330-47E1-9D37-4484FB8387E3}.Release|Any CPU.ActiveCfg = Release|Any CPU
		{B2C0DF96-F330-47E1-9D37-4484FB8387E3}.Release|Any CPU.Build.0 = Release|Any CPU
		{B2C0DF96-F330-47E1-9D37-4484FB8387E3}.Release|x64.ActiveCfg = Release|Any CPU
		{B2C0DF96-F330-47E1-9D37-4484FB8387E3}.Release|x64.Build.0 = Release|Any CPU
		{B2C0DF96-F330-47E1-9D37-4484FB8387E3}.Release|x86.ActiveCfg = Release|Any CPU
		{B2C0DF96-F330-47E1-9D37-4484FB8387E3}.Release|x86.Build.0 = Release|Any CPU
		{CBBBE51B-5779-4E7D-9EAC-02ACB90A7136}.Debug|Any CPU.ActiveCfg = Debug|Any CPU
		{CBBBE51B-5779-4E7D-9EAC-02ACB90A7136}.Debug|Any CPU.Build.0 = Debug|Any CPU
		{CBBBE51B-5779-4E7D-9EAC-02ACB90A7136}.Debug|x64.ActiveCfg = Debug|Any CPU
		{CBBBE51B-5779-4E7D-9EAC-02ACB90A7136}.Debug|x64.Build.0 = Debug|Any CPU
		{CBBBE51B-5779-4E7D-9EAC-02ACB90A7136}.Debug|x86.ActiveCfg = Debug|Any CPU
		{CBBBE51B-5779-4E7D-9EAC-02ACB90A7136}.Debug|x86.Build.0 = Debug|Any CPU
		{CBBBE51B-5779-4E7D-9EAC-02ACB90A7136}.Release|Any CPU.ActiveCfg = Release|Any CPU
		{CBBBE51B-5779-4E7D-9EAC-02ACB90A7136}.Release|Any CPU.Build.0 = Release|Any CPU
		{CBBBE51B-5779-4E7D-9EAC-02ACB90A7136}.Release|x64.ActiveCfg = Release|Any CPU
		{CBBBE51B-5779-4E7D-9EAC-02ACB90A7136}.Release|x64.Build.0 = Release|Any CPU
		{CBBBE51B-5779-4E7D-9EAC-02ACB90A7136}.Release|x86.ActiveCfg = Release|Any CPU
		{CBBBE51B-5779-4E7D-9EAC-02ACB90A7136}.Release|x86.Build.0 = Release|Any CPU
		{1997D367-7DED-497B-9966-A16A8D269C21}.Debug|Any CPU.ActiveCfg = Debug|Any CPU
		{1997D367-7DED-497B-9966-A16A8D269C21}.Debug|Any CPU.Build.0 = Debug|Any CPU
		{1997D367-7DED-497B-9966-A16A8D269C21}.Debug|x64.ActiveCfg = Debug|Any CPU
		{1997D367-7DED-497B-9966-A16A8D269C21}.Debug|x64.Build.0 = Debug|Any CPU
		{1997D367-7DED-497B-9966-A16A8D269C21}.Debug|x86.ActiveCfg = Debug|Any CPU
		{1997D367-7DED-497B-9966-A16A8D269C21}.Debug|x86.Build.0 = Debug|Any CPU
		{1997D367-7DED-497B-9966-A16A8D269C21}.Release|Any CPU.ActiveCfg = Release|Any CPU
		{1997D367-7DED-497B-9966-A16A8D269C21}.Release|Any CPU.Build.0 = Release|Any CPU
		{1997D367-7DED-497B-9966-A16A8D269C21}.Release|x64.ActiveCfg = Release|Any CPU
		{1997D367-7DED-497B-9966-A16A8D269C21}.Release|x64.Build.0 = Release|Any CPU
		{1997D367-7DED-497B-9966-A16A8D269C21}.Release|x86.ActiveCfg = Release|Any CPU
		{1997D367-7DED-497B-9966-A16A8D269C21}.Release|x86.Build.0 = Release|Any CPU
		{FB1D1F9B-50D9-403B-8F29-43B4A3F421D1}.Debug|Any CPU.ActiveCfg = Debug|Any CPU
		{FB1D1F9B-50D9-403B-8F29-43B4A3F421D1}.Debug|Any CPU.Build.0 = Debug|Any CPU
		{FB1D1F9B-50D9-403B-8F29-43B4A3F421D1}.Debug|x64.ActiveCfg = Debug|Any CPU
		{FB1D1F9B-50D9-403B-8F29-43B4A3F421D1}.Debug|x64.Build.0 = Debug|Any CPU
		{FB1D1F9B-50D9-403B-8F29-43B4A3F421D1}.Debug|x86.ActiveCfg = Debug|Any CPU
		{FB1D1F9B-50D9-403B-8F29-43B4A3F421D1}.Debug|x86.Build.0 = Debug|Any CPU
		{FB1D1F9B-50D9-403B-8F29-43B4A3F421D1}.Release|Any CPU.ActiveCfg = Release|Any CPU
		{FB1D1F9B-50D9-403B-8F29-43B4A3F421D1}.Release|Any CPU.Build.0 = Release|Any CPU
		{FB1D1F9B-50D9-403B-8F29-43B4A3F421D1}.Release|x64.ActiveCfg = Release|Any CPU
		{FB1D1F9B-50D9-403B-8F29-43B4A3F421D1}.Release|x64.Build.0 = Release|Any CPU
		{FB1D1F9B-50D9-403B-8F29-43B4A3F421D1}.Release|x86.ActiveCfg = Release|Any CPU
		{FB1D1F9B-50D9-403B-8F29-43B4A3F421D1}.Release|x86.Build.0 = Release|Any CPU
		{08E081D0-760A-4BED-A1ED-DDA84AAFCD1C}.Debug|Any CPU.ActiveCfg = Debug|Any CPU
		{08E081D0-760A-4BED-A1ED-DDA84AAFCD1C}.Debug|Any CPU.Build.0 = Debug|Any CPU
		{08E081D0-760A-4BED-A1ED-DDA84AAFCD1C}.Debug|x64.ActiveCfg = Debug|Any CPU
		{08E081D0-760A-4BED-A1ED-DDA84AAFCD1C}.Debug|x64.Build.0 = Debug|Any CPU
		{08E081D0-760A-4BED-A1ED-DDA84AAFCD1C}.Debug|x86.ActiveCfg = Debug|Any CPU
		{08E081D0-760A-4BED-A1ED-DDA84AAFCD1C}.Debug|x86.Build.0 = Debug|Any CPU
		{08E081D0-760A-4BED-A1ED-DDA84AAFCD1C}.Release|Any CPU.ActiveCfg = Release|Any CPU
		{08E081D0-760A-4BED-A1ED-DDA84AAFCD1C}.Release|Any CPU.Build.0 = Release|Any CPU
		{08E081D0-760A-4BED-A1ED-DDA84AAFCD1C}.Release|x64.ActiveCfg = Release|Any CPU
		{08E081D0-760A-4BED-A1ED-DDA84AAFCD1C}.Release|x64.Build.0 = Release|Any CPU
		{08E081D0-760A-4BED-A1ED-DDA84AAFCD1C}.Release|x86.ActiveCfg = Release|Any CPU
		{08E081D0-760A-4BED-A1ED-DDA84AAFCD1C}.Release|x86.Build.0 = Release|Any CPU
		{194894B6-EC58-4CB1-BADE-20B0852B05C7}.Debug|Any CPU.ActiveCfg = Debug|Any CPU
		{194894B6-EC58-4CB1-BADE-20B0852B05C7}.Debug|Any CPU.Build.0 = Debug|Any CPU
		{194894B6-EC58-4CB1-BADE-20B0852B05C7}.Debug|x64.ActiveCfg = Debug|Any CPU
		{194894B6-EC58-4CB1-BADE-20B0852B05C7}.Debug|x64.Build.0 = Debug|Any CPU
		{194894B6-EC58-4CB1-BADE-20B0852B05C7}.Debug|x86.ActiveCfg = Debug|Any CPU
		{194894B6-EC58-4CB1-BADE-20B0852B05C7}.Debug|x86.Build.0 = Debug|Any CPU
		{194894B6-EC58-4CB1-BADE-20B0852B05C7}.Release|Any CPU.ActiveCfg = Release|Any CPU
		{194894B6-EC58-4CB1-BADE-20B0852B05C7}.Release|Any CPU.Build.0 = Release|Any CPU
		{194894B6-EC58-4CB1-BADE-20B0852B05C7}.Release|x64.ActiveCfg = Release|Any CPU
		{194894B6-EC58-4CB1-BADE-20B0852B05C7}.Release|x64.Build.0 = Release|Any CPU
		{194894B6-EC58-4CB1-BADE-20B0852B05C7}.Release|x86.ActiveCfg = Release|Any CPU
		{194894B6-EC58-4CB1-BADE-20B0852B05C7}.Release|x86.Build.0 = Release|Any CPU
		{0982FE1D-F329-4D4C-94F9-AA987442AFAA}.Debug|Any CPU.ActiveCfg = Debug|Any CPU
		{0982FE1D-F329-4D4C-94F9-AA987442AFAA}.Debug|Any CPU.Build.0 = Debug|Any CPU
		{0982FE1D-F329-4D4C-94F9-AA987442AFAA}.Debug|x64.ActiveCfg = Debug|Any CPU
		{0982FE1D-F329-4D4C-94F9-AA987442AFAA}.Debug|x64.Build.0 = Debug|Any CPU
		{0982FE1D-F329-4D4C-94F9-AA987442AFAA}.Debug|x86.ActiveCfg = Debug|Any CPU
		{0982FE1D-F329-4D4C-94F9-AA987442AFAA}.Debug|x86.Build.0 = Debug|Any CPU
		{0982FE1D-F329-4D4C-94F9-AA987442AFAA}.Release|Any CPU.ActiveCfg = Release|Any CPU
		{0982FE1D-F329-4D4C-94F9-AA987442AFAA}.Release|Any CPU.Build.0 = Release|Any CPU
		{0982FE1D-F329-4D4C-94F9-AA987442AFAA}.Release|x64.ActiveCfg = Release|Any CPU
		{0982FE1D-F329-4D4C-94F9-AA987442AFAA}.Release|x64.Build.0 = Release|Any CPU
		{0982FE1D-F329-4D4C-94F9-AA987442AFAA}.Release|x86.ActiveCfg = Release|Any CPU
		{0982FE1D-F329-4D4C-94F9-AA987442AFAA}.Release|x86.Build.0 = Release|Any CPU
		{108281CB-17F6-4938-9189-68E7F1F97415}.Debug|Any CPU.ActiveCfg = Debug|Any CPU
		{108281CB-17F6-4938-9189-68E7F1F97415}.Debug|Any CPU.Build.0 = Debug|Any CPU
		{108281CB-17F6-4938-9189-68E7F1F97415}.Debug|x64.ActiveCfg = Debug|Any CPU
		{108281CB-17F6-4938-9189-68E7F1F97415}.Debug|x64.Build.0 = Debug|Any CPU
		{108281CB-17F6-4938-9189-68E7F1F97415}.Debug|x86.ActiveCfg = Debug|Any CPU
		{108281CB-17F6-4938-9189-68E7F1F97415}.Debug|x86.Build.0 = Debug|Any CPU
		{108281CB-17F6-4938-9189-68E7F1F97415}.Release|Any CPU.ActiveCfg = Release|Any CPU
		{108281CB-17F6-4938-9189-68E7F1F97415}.Release|Any CPU.Build.0 = Release|Any CPU
		{108281CB-17F6-4938-9189-68E7F1F97415}.Release|x64.ActiveCfg = Release|Any CPU
		{108281CB-17F6-4938-9189-68E7F1F97415}.Release|x64.Build.0 = Release|Any CPU
		{108281CB-17F6-4938-9189-68E7F1F97415}.Release|x86.ActiveCfg = Release|Any CPU
		{108281CB-17F6-4938-9189-68E7F1F97415}.Release|x86.Build.0 = Release|Any CPU
		{2900C008-F2EC-4A0D-8074-F47EB9F84036}.Debug|Any CPU.ActiveCfg = Debug|Any CPU
		{2900C008-F2EC-4A0D-8074-F47EB9F84036}.Debug|Any CPU.Build.0 = Debug|Any CPU
		{2900C008-F2EC-4A0D-8074-F47EB9F84036}.Debug|x64.ActiveCfg = Debug|Any CPU
		{2900C008-F2EC-4A0D-8074-F47EB9F84036}.Debug|x64.Build.0 = Debug|Any CPU
		{2900C008-F2EC-4A0D-8074-F47EB9F84036}.Debug|x86.ActiveCfg = Debug|Any CPU
		{2900C008-F2EC-4A0D-8074-F47EB9F84036}.Debug|x86.Build.0 = Debug|Any CPU
		{2900C008-F2EC-4A0D-8074-F47EB9F84036}.Release|Any CPU.ActiveCfg = Release|Any CPU
		{2900C008-F2EC-4A0D-8074-F47EB9F84036}.Release|Any CPU.Build.0 = Release|Any CPU
		{2900C008-F2EC-4A0D-8074-F47EB9F84036}.Release|x64.ActiveCfg = Release|Any CPU
		{2900C008-F2EC-4A0D-8074-F47EB9F84036}.Release|x64.Build.0 = Release|Any CPU
		{2900C008-F2EC-4A0D-8074-F47EB9F84036}.Release|x86.ActiveCfg = Release|Any CPU
		{2900C008-F2EC-4A0D-8074-F47EB9F84036}.Release|x86.Build.0 = Release|Any CPU
		{A2DDAEA3-6297-49F2-991C-F72785EFF6C3}.Debug|Any CPU.ActiveCfg = Debug|Any CPU
		{A2DDAEA3-6297-49F2-991C-F72785EFF6C3}.Debug|Any CPU.Build.0 = Debug|Any CPU
		{A2DDAEA3-6297-49F2-991C-F72785EFF6C3}.Debug|x64.ActiveCfg = Debug|Any CPU
		{A2DDAEA3-6297-49F2-991C-F72785EFF6C3}.Debug|x64.Build.0 = Debug|Any CPU
		{A2DDAEA3-6297-49F2-991C-F72785EFF6C3}.Debug|x86.ActiveCfg = Debug|Any CPU
		{A2DDAEA3-6297-49F2-991C-F72785EFF6C3}.Debug|x86.Build.0 = Debug|Any CPU
		{A2DDAEA3-6297-49F2-991C-F72785EFF6C3}.Release|Any CPU.ActiveCfg = Release|Any CPU
		{A2DDAEA3-6297-49F2-991C-F72785EFF6C3}.Release|Any CPU.Build.0 = Release|Any CPU
		{A2DDAEA3-6297-49F2-991C-F72785EFF6C3}.Release|x64.ActiveCfg = Release|Any CPU
		{A2DDAEA3-6297-49F2-991C-F72785EFF6C3}.Release|x64.Build.0 = Release|Any CPU
		{A2DDAEA3-6297-49F2-991C-F72785EFF6C3}.Release|x86.ActiveCfg = Release|Any CPU
		{A2DDAEA3-6297-49F2-991C-F72785EFF6C3}.Release|x86.Build.0 = Release|Any CPU
	EndGlobalSection
	GlobalSection(SolutionProperties) = preSolution
		HideSolutionNode = FALSE
	EndGlobalSection
	GlobalSection(NestedProjects) = preSolution
		{4283A223-F11D-4319-8A55-2BEE8CDDA4B7} = {406C1E84-BF11-4E98-BB97-9DB36F51A845}
		{87579CFF-DB15-4542-980C-5DC08156BEC2} = {406C1E84-BF11-4E98-BB97-9DB36F51A845}
		{7396CAED-D427-4673-9A95-DAB943ADB131} = {406C1E84-BF11-4E98-BB97-9DB36F51A845}
		{DF1139E4-EBFA-4B5D-86F3-D8065FF81F9C} = {1793BE8F-7264-41BA-8668-69D4D643C7C0}
		{206E6568-423C-4070-83D3-E1C83F37362D} = {1793BE8F-7264-41BA-8668-69D4D643C7C0}
		{62E3CBA0-3B60-42DF-B313-2004B18F12CD} = {1793BE8F-7264-41BA-8668-69D4D643C7C0}
		{1793BE8F-7264-41BA-8668-69D4D643C7C0} = {91219315-924A-4A2C-9002-73AF521B44F2}
		{406C1E84-BF11-4E98-BB97-9DB36F51A845} = {A35FD53E-772C-49FC-8E8A-29BA7F5A87AB}
		{1260E2AA-ACE9-4E16-8858-43A45383AB41} = {450BBF91-7BA0-4178-B00D-F68036025316}
		{68062761-23CD-4879-AB1A-5C8B9B265F3E} = {A6B6410D-1F41-45D1-B821-14F8897C4DAF}
		{957E96A6-C2F8-4431-B702-B4848ED7BC9A} = {A6B6410D-1F41-45D1-B821-14F8897C4DAF}
		{D93A4916-BA43-4E97-B952-5552DD2841AE} = {957E96A6-C2F8-4431-B702-B4848ED7BC9A}
		{B5E6D327-822A-426E-8DC6-AD9B83D63F2F} = {957E96A6-C2F8-4431-B702-B4848ED7BC9A}
		{45DD1174-2EEB-4BAB-A30D-8911FA6FA955} = {957E96A6-C2F8-4431-B702-B4848ED7BC9A}
		{38C32E41-2D1B-4ADD-96D5-F061F6A5EC25} = {1260E2AA-ACE9-4E16-8858-43A45383AB41}
		{26889128-576E-4194-A401-EF46A6FD5954} = {1260E2AA-ACE9-4E16-8858-43A45383AB41}
		{A850FDAF-62A5-4BEE-8EB1-ACF106643D9C} = {68062761-23CD-4879-AB1A-5C8B9B265F3E}
		{D5177B37-3E56-40B9-9DB0-16E069B6E1C9} = {A35FD53E-772C-49FC-8E8A-29BA7F5A87AB}
		{BBF1D3B4-F6FA-4487-833D-2D908D76FB80} = {D5177B37-3E56-40B9-9DB0-16E069B6E1C9}
		{F8E05BE8-1600-4746-A3AA-7706ED7B40EA} = {BBF1D3B4-F6FA-4487-833D-2D908D76FB80}
		{F676F8FF-ABA5-4C99-96CA-29B666FAEB9F} = {450BBF91-7BA0-4178-B00D-F68036025316}
		{068F7880-21BD-475F-A346-13AB0A23133E} = {15C7047A-450E-4269-9F29-96EC321EA848}
		{7DD92A6C-7CB1-4CA2-9CD3-0C95633F198E} = {FF2926BF-8456-4C06-A755-3C3EB61F3DFE}
		{15C7047A-450E-4269-9F29-96EC321EA848} = {F676F8FF-ABA5-4C99-96CA-29B666FAEB9F}
		{FF2926BF-8456-4C06-A755-3C3EB61F3DFE} = {F676F8FF-ABA5-4C99-96CA-29B666FAEB9F}
		{C3D5F2F8-736B-4DCD-B829-8BFED74BA493} = {F676F8FF-ABA5-4C99-96CA-29B666FAEB9F}
		{B12AEE66-1494-418E-A0DF-DDDA33E259F1} = {F676F8FF-ABA5-4C99-96CA-29B666FAEB9F}
		{952DADE9-B379-4EF2-AA13-781A847818EC} = {B12AEE66-1494-418E-A0DF-DDDA33E259F1}
		{CA99E8C7-8790-4FA2-9787-C8E5DB9E356E} = {C3D5F2F8-736B-4DCD-B829-8BFED74BA493}
		{27775FC0-A841-491F-AE5E-99BF754C0077} = {F676F8FF-ABA5-4C99-96CA-29B666FAEB9F}
		{5D9D9BE8-9C6A-4655-9695-99942577A1D2} = {27775FC0-A841-491F-AE5E-99BF754C0077}
		{A053A29E-3C1F-46B9-8B14-C6BAF82054AA} = {F676F8FF-ABA5-4C99-96CA-29B666FAEB9F}
		{9128AD3D-7CAC-41DB-A597-28F5A1D4746F} = {A053A29E-3C1F-46B9-8B14-C6BAF82054AA}
		{D2A03EDD-6FC9-423E-837E-4ACF551508A8} = {C3D5F2F8-736B-4DCD-B829-8BFED74BA493}
		{56AD78D0-092C-4D93-A164-9D76F81ED1FD} = {C3D5F2F8-736B-4DCD-B829-8BFED74BA493}
		{9CDEA396-FE85-449A-B8ED-D941EFB80BF3} = {C3D5F2F8-736B-4DCD-B829-8BFED74BA493}
		{1CF9E89A-FB68-449C-9B49-13A3836B93C7} = {F676F8FF-ABA5-4C99-96CA-29B666FAEB9F}
		{B2C0DF96-F330-47E1-9D37-4484FB8387E3} = {1CF9E89A-FB68-449C-9B49-13A3836B93C7}
		{CBBBE51B-5779-4E7D-9EAC-02ACB90A7136} = {1CF9E89A-FB68-449C-9B49-13A3836B93C7}
		{1997D367-7DED-497B-9966-A16A8D269C21} = {A053A29E-3C1F-46B9-8B14-C6BAF82054AA}
		{FB1D1F9B-50D9-403B-8F29-43B4A3F421D1} = {A053A29E-3C1F-46B9-8B14-C6BAF82054AA}
		{08E081D0-760A-4BED-A1ED-DDA84AAFCD1C} = {A053A29E-3C1F-46B9-8B14-C6BAF82054AA}
		{68B535D5-FCE5-41EE-A90F-CF6348106F4D} = {91219315-924A-4A2C-9002-73AF521B44F2}
		{BD47CEB0-4029-47C7-8501-ADEBDDF5DEFC} = {68B535D5-FCE5-41EE-A90F-CF6348106F4D}
		{194894B6-EC58-4CB1-BADE-20B0852B05C7} = {BD47CEB0-4029-47C7-8501-ADEBDDF5DEFC}
		{FABBB293-51A6-40C8-8181-540DB5863C83} = {68B535D5-FCE5-41EE-A90F-CF6348106F4D}
		{0982FE1D-F329-4D4C-94F9-AA987442AFAA} = {FABBB293-51A6-40C8-8181-540DB5863C83}
		{1E291E36-C5C0-4547-9DED-A1A765953286} = {68B535D5-FCE5-41EE-A90F-CF6348106F4D}
		{108281CB-17F6-4938-9189-68E7F1F97415} = {1E291E36-C5C0-4547-9DED-A1A765953286}
		{393C6B64-3A43-401E-A8C4-372C4F95147C} = {A6B6410D-1F41-45D1-B821-14F8897C4DAF}
		{2900C008-F2EC-4A0D-8074-F47EB9F84036} = {393C6B64-3A43-401E-A8C4-372C4F95147C}
		{C37DE2DF-372F-4527-BE83-EEBEB5CE792D} = {A6B6410D-1F41-45D1-B821-14F8897C4DAF}
		{A2DDAEA3-6297-49F2-991C-F72785EFF6C3} = {C37DE2DF-372F-4527-BE83-EEBEB5CE792D}
	EndGlobalSection
	GlobalSection(ExtensibilityGlobals) = postSolution
		SolutionGuid = {08E0F198-B49E-42B9-9DB8-20DD2062C0CA}
	EndGlobalSection
EndGlobal
