
Microsoft Visual Studio Solution File, Format Version 12.00
# Visual Studio Version 16
VisualStudioVersion = 16.0.30320.27
MinimumVisualStudioVersion = 10.0.40219.1
Project("{9A19103F-16F7-4668-BE54-9A1E7A4F7556}") = "Mediator", "Mediator.csproj", "{4C95CDDA-6163-45AD-8BD7-DE4D1B27489E}"
EndProject
Project("{FAE04EC0-301F-11D3-BF4B-00C04F79EFBC}") = "MediatRDemo", "..\MediatRDemo\MediatRDemo.csproj", "{94186940-27C0-446E-8649-2E8CE23A0318}"
EndProject
Global
	GlobalSection(SolutionConfigurationPlatforms) = preSolution
		Debug|Any CPU = Debug|Any CPU
		Release|Any CPU = Release|Any CPU
	EndGlobalSection
	GlobalSection(ProjectConfigurationPlatforms) = postSolution
		{4C95CDDA-6163-45AD-8BD7-DE4D1B27489E}.Debug|Any CPU.ActiveCfg = Debug|Any CPU
		{4C95CDDA-6163-45AD-8BD7-DE4D1B27489E}.Debug|Any CPU.Build.0 = Debug|Any CPU
		{4C95CDDA-6163-45AD-8BD7-DE4D1B27489E}.Release|Any CPU.ActiveCfg = Release|Any CPU
		{4C95CDDA-6163-45AD-8BD7-DE4D1B27489E}.Release|Any CPU.Build.0 = Release|Any CPU
		{94186940-27C0-446E-8649-2E8CE23A0318}.Debug|Any CPU.ActiveCfg = Debug|Any CPU
		{94186940-27C0-446E-8649-2E8CE23A0318}.Debug|Any CPU.Build.0 = Debug|Any CPU
		{94186940-27C0-446E-8649-2E8CE23A0318}.Release|Any CPU.ActiveCfg = Release|Any CPU
		{94186940-27C0-446E-8649-2E8CE23A0318}.Release|Any CPU.Build.0 = Release|Any CPU
	EndGlobalSection
	GlobalSection(SolutionProperties) = preSolution
		HideSolutionNode = FALSE
	EndGlobalSection
	GlobalSection(ExtensibilityGlobals) = postSolution
		SolutionGuid = {D26053A5-EB7B-4787-BB30-4BD37632F874}
	EndGlobalSection
EndGlobal
